
Microsoft Visual Studio Solution File, Format Version 12.00
Project("{FAE04EC0-301F-11D3-BF4B-00C04F79EFBC}") = "LamdaPractice", "LamdaPractice\LamdaPractice.csproj", "{767CDA61-F231-4400-A0BD-837CC7F87F02}"
EndProject
Project("{2150E333-8FDC-42A3-9474-1A3956D46DE8}") = "MiniShop", "MiniShop", "{648FC26F-192E-410C-BD87-9C946FBA51A2}"
EndProject
Project("{FAE04EC0-301F-11D3-BF4B-00C04F79EFBC}") = "MiniShop.Domain", "MiniShop.Domain\MiniShop.Domain.csproj", "{534E02B9-C59C-46F2-8700-A4BD0CF75685}"
EndProject
Project("{FAE04EC0-301F-11D3-BF4B-00C04F79EFBC}") = "MiniShop.Application", "MiniShop.Application\MiniShop.Application.csproj", "{9BCEDB9C-D435-4728-BFE7-36073A22304A}"
EndProject
Project("{FAE04EC0-301F-11D3-BF4B-00C04F79EFBC}") = "MiniShop.Persistence", "Minishop.Persistence\Minishop.Persistence.csproj", "{914912A1-49C9-4F33-A093-747FBAC20A16}"
EndProject
Project("{FAE04EC0-301F-11D3-BF4B-00C04F79EFBC}") = "MiniShop.WebApi", "MiniShop.Webapi\MiniShop.Webapi.csproj", "{B24F069F-61CE-4EA1-9F76-BB0085999A07}"
EndProject
Project("{FAE04EC0-301F-11D3-BF4B-00C04F79EFBC}") = "MiniShop.Tests", "MiniShop.Tests\MiniShop.Tests.csproj", "{956DED98-9E73-4EBD-B504-3401D6EA1A77}"
EndProject
Global
	GlobalSection(SolutionConfigurationPlatforms) = preSolution
		Debug|Any CPU = Debug|Any CPU
		Release|Any CPU = Release|Any CPU
	EndGlobalSection
	GlobalSection(ProjectConfigurationPlatforms) = postSolution
		{767CDA61-F231-4400-A0BD-837CC7F87F02}.Debug|Any CPU.ActiveCfg = Debug|Any CPU
		{767CDA61-F231-4400-A0BD-837CC7F87F02}.Debug|Any CPU.Build.0 = Debug|Any CPU
		{767CDA61-F231-4400-A0BD-837CC7F87F02}.Release|Any CPU.ActiveCfg = Release|Any CPU
		{767CDA61-F231-4400-A0BD-837CC7F87F02}.Release|Any CPU.Build.0 = Release|Any CPU
		{534E02B9-C59C-46F2-8700-A4BD0CF75685}.Debug|Any CPU.ActiveCfg = Debug|Any CPU
		{534E02B9-C59C-46F2-8700-A4BD0CF75685}.Debug|Any CPU.Build.0 = Debug|Any CPU
		{534E02B9-C59C-46F2-8700-A4BD0CF75685}.Release|Any CPU.ActiveCfg = Release|Any CPU
		{534E02B9-C59C-46F2-8700-A4BD0CF75685}.Release|Any CPU.Build.0 = Release|Any CPU
		{9BCEDB9C-D435-4728-BFE7-36073A22304A}.Debug|Any CPU.ActiveCfg = Debug|Any CPU
		{9BCEDB9C-D435-4728-BFE7-36073A22304A}.Debug|Any CPU.Build.0 = Debug|Any CPU
		{9BCEDB9C-D435-4728-BFE7-36073A22304A}.Release|Any CPU.ActiveCfg = Release|Any CPU
		{9BCEDB9C-D435-4728-BFE7-36073A22304A}.Release|Any CPU.Build.0 = Release|Any CPU
		{914912A1-49C9-4F33-A093-747FBAC20A16}.Debug|Any CPU.ActiveCfg = Debug|Any CPU
		{914912A1-49C9-4F33-A093-747FBAC20A16}.Debug|Any CPU.Build.0 = Debug|Any CPU
		{914912A1-49C9-4F33-A093-747FBAC20A16}.Release|Any CPU.ActiveCfg = Release|Any CPU
		{914912A1-49C9-4F33-A093-747FBAC20A16}.Release|Any CPU.Build.0 = Release|Any CPU
		{B24F069F-61CE-4EA1-9F76-BB0085999A07}.Debug|Any CPU.ActiveCfg = Debug|Any CPU
		{B24F069F-61CE-4EA1-9F76-BB0085999A07}.Debug|Any CPU.Build.0 = Debug|Any CPU
		{B24F069F-61CE-4EA1-9F76-BB0085999A07}.Release|Any CPU.ActiveCfg = Release|Any CPU
		{B24F069F-61CE-4EA1-9F76-BB0085999A07}.Release|Any CPU.Build.0 = Release|Any CPU
		{956DED98-9E73-4EBD-B504-3401D6EA1A77}.Debug|Any CPU.ActiveCfg = Debug|Any CPU
		{956DED98-9E73-4EBD-B504-3401D6EA1A77}.Debug|Any CPU.Build.0 = Debug|Any CPU
		{956DED98-9E73-4EBD-B504-3401D6EA1A77}.Release|Any CPU.ActiveCfg = Release|Any CPU
		{956DED98-9E73-4EBD-B504-3401D6EA1A77}.Release|Any CPU.Build.0 = Release|Any CPU
	EndGlobalSection
	GlobalSection(NestedProjects) = preSolution
		{534E02B9-C59C-46F2-8700-A4BD0CF75685} = {648FC26F-192E-410C-BD87-9C946FBA51A2}
		{9BCEDB9C-D435-4728-BFE7-36073A22304A} = {648FC26F-192E-410C-BD87-9C946FBA51A2}
		{914912A1-49C9-4F33-A093-747FBAC20A16} = {648FC26F-192E-410C-BD87-9C946FBA51A2}
		{B24F069F-61CE-4EA1-9F76-BB0085999A07} = {648FC26F-192E-410C-BD87-9C946FBA51A2}
		{956DED98-9E73-4EBD-B504-3401D6EA1A77} = {648FC26F-192E-410C-BD87-9C946FBA51A2}
	EndGlobalSection
EndGlobal
