
Microsoft Visual Studio Solution File, Format Version 12.00
Project("{FAE04EC0-301F-11D3-BF4B-00C04F79EFBC}") = "LamdaPractice", "LamdaPractice\LamdaPractice.csproj", "{767CDA61-F231-4400-A0BD-837CC7F87F02}"
EndProject
Project("{2150E333-8FDC-42A3-9474-1A3956D46DE8}") = "MiniShop", "MiniShop", "{4387D828-E06F-4405-B2A3-B780D9A105A8}"
EndProject
Project("{FAE04EC0-301F-11D3-BF4B-00C04F79EFBC}") = "MiniShop.WebApi", "MiniShop.WebApi\MiniShop.WebApi.csproj", "{D8BA5054-F6A6-499F-A123-8166F0636B08}"
EndProject
Project("{FAE04EC0-301F-11D3-BF4B-00C04F79EFBC}") = "MiniShop.Api.Common", "MiniShop.Api.Common\MiniShop.Api.Common.csproj", "{BA54117C-D01A-4238-948F-22A1BE26DD2D}"
EndProject
Project("{FAE04EC0-301F-11D3-BF4B-00C04F79EFBC}") = "MiniShop.Api.Models", "MiniShop.Api.Models\MiniShop.Api.Models.csproj", "{6514605B-EED6-4001-96BB-89DB2B22639B}"
EndProject
Project("{FAE04EC0-301F-11D3-BF4B-00C04F79EFBC}") = "MiniShop.Data.Access", "MiniShop.Data.Access\MiniShop.Data.Access.csproj", "{E196FD14-7BB8-46E9-A1DC-53058DB852B0}"
EndProject
Project("{FAE04EC0-301F-11D3-BF4B-00C04F79EFBC}") = "MiniShop.Data.Models", "MiniShop.Data.Models\MiniShop.Data.Models.csproj", "{48F523B6-4E4D-4A82-9FF8-DE68BDF80571}"
EndProject
Project("{FAE04EC0-301F-11D3-BF4B-00C04F79EFBC}") = "MiniShop.Queries", "MiniShop.Queries\MiniShop.Queries.csproj", "{8C982DA6-38C5-4711-AB6B-D589BE416978}"
EndProject
Project("{FAE04EC0-301F-11D3-BF4B-00C04F79EFBC}") = "MiniShop.Security", "MiniShop.Security\MiniShop.Security.csproj", "{49C949CF-F1DB-4A98-9F4D-6D30C9CBFA86}"
EndProject
Project("{2150E333-8FDC-42A3-9474-1A3956D46DE8}") = "Tests", "Tests", "{633FA3FA-2114-4A1E-B811-378CD3463FAC}"
EndProject
Project("{FAE04EC0-301F-11D3-BF4B-00C04F79EFBC}") = "Api.IntegrationTests", "Api.IntegrationTests\Api.IntegrationTests.csproj", "{E055F22A-29AB-4B82-B5EC-E3162DF39B88}"
EndProject
Project("{FAE04EC0-301F-11D3-BF4B-00C04F79EFBC}") = "Queries.Tests", "Queries.Tests\Queries.Tests.csproj", "{02496095-48CD-4641-9C39-D4640B261E3B}"
EndProject
Global
	GlobalSection(SolutionConfigurationPlatforms) = preSolution
		Debug|Any CPU = Debug|Any CPU
		Release|Any CPU = Release|Any CPU
	EndGlobalSection
	GlobalSection(ProjectConfigurationPlatforms) = postSolution
		{767CDA61-F231-4400-A0BD-837CC7F87F02}.Debug|Any CPU.ActiveCfg = Debug|Any CPU
		{767CDA61-F231-4400-A0BD-837CC7F87F02}.Debug|Any CPU.Build.0 = Debug|Any CPU
		{767CDA61-F231-4400-A0BD-837CC7F87F02}.Release|Any CPU.ActiveCfg = Release|Any CPU
		{767CDA61-F231-4400-A0BD-837CC7F87F02}.Release|Any CPU.Build.0 = Release|Any CPU
		{D8BA5054-F6A6-499F-A123-8166F0636B08}.Debug|Any CPU.ActiveCfg = Debug|Any CPU
		{D8BA5054-F6A6-499F-A123-8166F0636B08}.Debug|Any CPU.Build.0 = Debug|Any CPU
		{D8BA5054-F6A6-499F-A123-8166F0636B08}.Release|Any CPU.ActiveCfg = Release|Any CPU
		{D8BA5054-F6A6-499F-A123-8166F0636B08}.Release|Any CPU.Build.0 = Release|Any CPU
		{BA54117C-D01A-4238-948F-22A1BE26DD2D}.Debug|Any CPU.ActiveCfg = Debug|Any CPU
		{BA54117C-D01A-4238-948F-22A1BE26DD2D}.Debug|Any CPU.Build.0 = Debug|Any CPU
		{BA54117C-D01A-4238-948F-22A1BE26DD2D}.Release|Any CPU.ActiveCfg = Release|Any CPU
		{BA54117C-D01A-4238-948F-22A1BE26DD2D}.Release|Any CPU.Build.0 = Release|Any CPU
		{6514605B-EED6-4001-96BB-89DB2B22639B}.Debug|Any CPU.ActiveCfg = Debug|Any CPU
		{6514605B-EED6-4001-96BB-89DB2B22639B}.Debug|Any CPU.Build.0 = Debug|Any CPU
		{6514605B-EED6-4001-96BB-89DB2B22639B}.Release|Any CPU.ActiveCfg = Release|Any CPU
		{6514605B-EED6-4001-96BB-89DB2B22639B}.Release|Any CPU.Build.0 = Release|Any CPU
		{E196FD14-7BB8-46E9-A1DC-53058DB852B0}.Debug|Any CPU.ActiveCfg = Debug|Any CPU
		{E196FD14-7BB8-46E9-A1DC-53058DB852B0}.Debug|Any CPU.Build.0 = Debug|Any CPU
		{E196FD14-7BB8-46E9-A1DC-53058DB852B0}.Release|Any CPU.ActiveCfg = Release|Any CPU
		{E196FD14-7BB8-46E9-A1DC-53058DB852B0}.Release|Any CPU.Build.0 = Release|Any CPU
		{48F523B6-4E4D-4A82-9FF8-DE68BDF80571}.Debug|Any CPU.ActiveCfg = Debug|Any CPU
		{48F523B6-4E4D-4A82-9FF8-DE68BDF80571}.Debug|Any CPU.Build.0 = Debug|Any CPU
		{48F523B6-4E4D-4A82-9FF8-DE68BDF80571}.Release|Any CPU.ActiveCfg = Release|Any CPU
		{48F523B6-4E4D-4A82-9FF8-DE68BDF80571}.Release|Any CPU.Build.0 = Release|Any CPU
		{8C982DA6-38C5-4711-AB6B-D589BE416978}.Debug|Any CPU.ActiveCfg = Debug|Any CPU
		{8C982DA6-38C5-4711-AB6B-D589BE416978}.Debug|Any CPU.Build.0 = Debug|Any CPU
		{8C982DA6-38C5-4711-AB6B-D589BE416978}.Release|Any CPU.ActiveCfg = Release|Any CPU
		{8C982DA6-38C5-4711-AB6B-D589BE416978}.Release|Any CPU.Build.0 = Release|Any CPU
		{49C949CF-F1DB-4A98-9F4D-6D30C9CBFA86}.Debug|Any CPU.ActiveCfg = Debug|Any CPU
		{49C949CF-F1DB-4A98-9F4D-6D30C9CBFA86}.Debug|Any CPU.Build.0 = Debug|Any CPU
		{49C949CF-F1DB-4A98-9F4D-6D30C9CBFA86}.Release|Any CPU.ActiveCfg = Release|Any CPU
		{49C949CF-F1DB-4A98-9F4D-6D30C9CBFA86}.Release|Any CPU.Build.0 = Release|Any CPU
		{E055F22A-29AB-4B82-B5EC-E3162DF39B88}.Debug|Any CPU.ActiveCfg = Debug|Any CPU
		{E055F22A-29AB-4B82-B5EC-E3162DF39B88}.Debug|Any CPU.Build.0 = Debug|Any CPU
		{E055F22A-29AB-4B82-B5EC-E3162DF39B88}.Release|Any CPU.ActiveCfg = Release|Any CPU
		{E055F22A-29AB-4B82-B5EC-E3162DF39B88}.Release|Any CPU.Build.0 = Release|Any CPU
		{02496095-48CD-4641-9C39-D4640B261E3B}.Debug|Any CPU.ActiveCfg = Debug|Any CPU
		{02496095-48CD-4641-9C39-D4640B261E3B}.Debug|Any CPU.Build.0 = Debug|Any CPU
		{02496095-48CD-4641-9C39-D4640B261E3B}.Release|Any CPU.ActiveCfg = Release|Any CPU
		{02496095-48CD-4641-9C39-D4640B261E3B}.Release|Any CPU.Build.0 = Release|Any CPU
	EndGlobalSection
	GlobalSection(NestedProjects) = preSolution
		{D8BA5054-F6A6-499F-A123-8166F0636B08} = {4387D828-E06F-4405-B2A3-B780D9A105A8}
		{BA54117C-D01A-4238-948F-22A1BE26DD2D} = {4387D828-E06F-4405-B2A3-B780D9A105A8}
		{6514605B-EED6-4001-96BB-89DB2B22639B} = {4387D828-E06F-4405-B2A3-B780D9A105A8}
		{E196FD14-7BB8-46E9-A1DC-53058DB852B0} = {4387D828-E06F-4405-B2A3-B780D9A105A8}
		{48F523B6-4E4D-4A82-9FF8-DE68BDF80571} = {4387D828-E06F-4405-B2A3-B780D9A105A8}
		{8C982DA6-38C5-4711-AB6B-D589BE416978} = {4387D828-E06F-4405-B2A3-B780D9A105A8}
		{49C949CF-F1DB-4A98-9F4D-6D30C9CBFA86} = {4387D828-E06F-4405-B2A3-B780D9A105A8}
		{633FA3FA-2114-4A1E-B811-378CD3463FAC} = {4387D828-E06F-4405-B2A3-B780D9A105A8}
		{E055F22A-29AB-4B82-B5EC-E3162DF39B88} = {633FA3FA-2114-4A1E-B811-378CD3463FAC}
		{02496095-48CD-4641-9C39-D4640B261E3B} = {633FA3FA-2114-4A1E-B811-378CD3463FAC}
	EndGlobalSection
EndGlobal
